
Microsoft Visual Studio Solution File, Format Version 12.00
# Visual Studio Version 17
VisualStudioVersion = 17.7.34221.43
MinimumVisualStudioVersion = 10.0.40219.1
Project("{2150E333-8FDC-42A3-9474-1A3956D46DE8}") = "src", "src", "{BD699867-71A4-43DD-8693-05BC1C85D16D}"
EndProject
Project("{2150E333-8FDC-42A3-9474-1A3956D46DE8}") = "Core", "Core", "{0097F02B-637B-497E-962D-D12CAC48B858}"
EndProject
Project("{2150E333-8FDC-42A3-9474-1A3956D46DE8}") = "Infrastructure", "Infrastructure", "{0EADCDBE-DEDA-4FF2-AD4D-1A5C8AB6149B}"
EndProject
Project("{2150E333-8FDC-42A3-9474-1A3956D46DE8}") = "Presentation", "Presentation", "{6B85F447-FF69-404E-8A34-F051BB12AA2D}"
EndProject
Project("{9A19103F-16F7-4668-BE54-9A1E7A4F7556}") = "Domain", "Domain\Domain.csproj", "{48F85AC2-E5DF-4F96-ABA2-09F168DB0CD2}"
EndProject
Project("{9A19103F-16F7-4668-BE54-9A1E7A4F7556}") = "Application", "Application\Application.csproj", "{C6EF1D16-FF78-4414-B065-F42DDFEA9E39}"
EndProject
Project("{9A19103F-16F7-4668-BE54-9A1E7A4F7556}") = "Infrastructure.Persistence", "Infrastructure.Persistence\Infrastructure.Persistence.csproj", "{3D123236-4C1A-4E14-A4DB-9FCB364CEAEE}"
EndProject
Project("{9A19103F-16F7-4668-BE54-9A1E7A4F7556}") = "Infrastructure.Identity", "Infrastructure.Identity\Infrastructure.Identity.csproj", "{E23C2E00-386D-4283-B55A-B02DC34001B0}"
EndProject
Project("{9A19103F-16F7-4668-BE54-9A1E7A4F7556}") = "Infrastructure.Shared", "Infrastructure.Shared\Infrastructure.Shared.csproj", "{22C6DBBE-5642-4EBB-B18B-657535EFED06}"
EndProject
Project("{9A19103F-16F7-4668-BE54-9A1E7A4F7556}") = "WebAPI", "WebAPI\WebAPI.csproj", "{0624FD52-D79B-4F08-85CB-26F3784451A8}"
EndProject
Project("{2150E333-8FDC-42A3-9474-1A3956D46DE8}") = "Gateway", "Gateway", "{E5CD7C05-26B8-4A8F-8E11-6240BB146927}"
EndProject
Project("{FAE04EC0-301F-11D3-BF4B-00C04F79EFBC}") = "WebAPI.Gateway", "WebAPI.Gateway\WebAPI.Gateway.csproj", "{D4A4998A-D48A-43CA-9DDD-73850C3F0B84}"
EndProject
Project("{2150E333-8FDC-42A3-9474-1A3956D46DE8}") = "Test", "Test", "{7A68F70A-03AB-4EF0-8D4A-9FE27670C2FC}"
EndProject
Global
	GlobalSection(SolutionConfigurationPlatforms) = preSolution
		Debug|Any CPU = Debug|Any CPU
		Release|Any CPU = Release|Any CPU
	EndGlobalSection
	GlobalSection(ProjectConfigurationPlatforms) = postSolution
		{48F85AC2-E5DF-4F96-ABA2-09F168DB0CD2}.Debug|Any CPU.ActiveCfg = Debug|Any CPU
		{48F85AC2-E5DF-4F96-ABA2-09F168DB0CD2}.Debug|Any CPU.Build.0 = Debug|Any CPU
		{48F85AC2-E5DF-4F96-ABA2-09F168DB0CD2}.Release|Any CPU.ActiveCfg = Release|Any CPU
		{48F85AC2-E5DF-4F96-ABA2-09F168DB0CD2}.Release|Any CPU.Build.0 = Release|Any CPU
		{C6EF1D16-FF78-4414-B065-F42DDFEA9E39}.Debug|Any CPU.ActiveCfg = Debug|Any CPU
		{C6EF1D16-FF78-4414-B065-F42DDFEA9E39}.Debug|Any CPU.Build.0 = Debug|Any CPU
		{C6EF1D16-FF78-4414-B065-F42DDFEA9E39}.Release|Any CPU.ActiveCfg = Release|Any CPU
		{C6EF1D16-FF78-4414-B065-F42DDFEA9E39}.Release|Any CPU.Build.0 = Release|Any CPU
		{3D123236-4C1A-4E14-A4DB-9FCB364CEAEE}.Debug|Any CPU.ActiveCfg = Debug|Any CPU
		{3D123236-4C1A-4E14-A4DB-9FCB364CEAEE}.Debug|Any CPU.Build.0 = Debug|Any CPU
		{3D123236-4C1A-4E14-A4DB-9FCB364CEAEE}.Release|Any CPU.ActiveCfg = Release|Any CPU
		{3D123236-4C1A-4E14-A4DB-9FCB364CEAEE}.Release|Any CPU.Build.0 = Release|Any CPU
		{E23C2E00-386D-4283-B55A-B02DC34001B0}.Debug|Any CPU.ActiveCfg = Debug|Any CPU
		{E23C2E00-386D-4283-B55A-B02DC34001B0}.Debug|Any CPU.Build.0 = Debug|Any CPU
		{E23C2E00-386D-4283-B55A-B02DC34001B0}.Release|Any CPU.ActiveCfg = Release|Any CPU
		{E23C2E00-386D-4283-B55A-B02DC34001B0}.Release|Any CPU.Build.0 = Release|Any CPU
		{22C6DBBE-5642-4EBB-B18B-657535EFED06}.Debug|Any CPU.ActiveCfg = Debug|Any CPU
		{22C6DBBE-5642-4EBB-B18B-657535EFED06}.Debug|Any CPU.Build.0 = Debug|Any CPU
		{22C6DBBE-5642-4EBB-B18B-657535EFED06}.Release|Any CPU.ActiveCfg = Release|Any CPU
		{22C6DBBE-5642-4EBB-B18B-657535EFED06}.Release|Any CPU.Build.0 = Release|Any CPU
		{0624FD52-D79B-4F08-85CB-26F3784451A8}.Debug|Any CPU.ActiveCfg = Debug|Any CPU
		{0624FD52-D79B-4F08-85CB-26F3784451A8}.Debug|Any CPU.Build.0 = Debug|Any CPU
		{0624FD52-D79B-4F08-85CB-26F3784451A8}.Release|Any CPU.ActiveCfg = Release|Any CPU
		{0624FD52-D79B-4F08-85CB-26F3784451A8}.Release|Any CPU.Build.0 = Release|Any CPU
		{D4A4998A-D48A-43CA-9DDD-73850C3F0B84}.Debug|Any CPU.ActiveCfg = Debug|Any CPU
		{D4A4998A-D48A-43CA-9DDD-73850C3F0B84}.Debug|Any CPU.Build.0 = Debug|Any CPU
		{D4A4998A-D48A-43CA-9DDD-73850C3F0B84}.Release|Any CPU.ActiveCfg = Release|Any CPU
		{D4A4998A-D48A-43CA-9DDD-73850C3F0B84}.Release|Any CPU.Build.0 = Release|Any CPU
	EndGlobalSection
	GlobalSection(SolutionProperties) = preSolution
		HideSolutionNode = FALSE
	EndGlobalSection
	GlobalSection(NestedProjects) = preSolution
		{0097F02B-637B-497E-962D-D12CAC48B858} = {BD699867-71A4-43DD-8693-05BC1C85D16D}
		{0EADCDBE-DEDA-4FF2-AD4D-1A5C8AB6149B} = {BD699867-71A4-43DD-8693-05BC1C85D16D}
		{6B85F447-FF69-404E-8A34-F051BB12AA2D} = {BD699867-71A4-43DD-8693-05BC1C85D16D}
		{48F85AC2-E5DF-4F96-ABA2-09F168DB0CD2} = {0097F02B-637B-497E-962D-D12CAC48B858}
		{C6EF1D16-FF78-4414-B065-F42DDFEA9E39} = {0097F02B-637B-497E-962D-D12CAC48B858}
		{3D123236-4C1A-4E14-A4DB-9FCB364CEAEE} = {0EADCDBE-DEDA-4FF2-AD4D-1A5C8AB6149B}
		{E23C2E00-386D-4283-B55A-B02DC34001B0} = {0EADCDBE-DEDA-4FF2-AD4D-1A5C8AB6149B}
		{22C6DBBE-5642-4EBB-B18B-657535EFED06} = {0EADCDBE-DEDA-4FF2-AD4D-1A5C8AB6149B}
		{0624FD52-D79B-4F08-85CB-26F3784451A8} = {6B85F447-FF69-404E-8A34-F051BB12AA2D}
		{D4A4998A-D48A-43CA-9DDD-73850C3F0B84} = {E5CD7C05-26B8-4A8F-8E11-6240BB146927}
	EndGlobalSection
	GlobalSection(ExtensibilityGlobals) = postSolution
		SolutionGuid = {A4358790-D398-4E18-9FE9-F3BD9A2EEAAB}
	EndGlobalSection
EndGlobal
